
Microsoft Visual Studio Solution File, Format Version 12.00
# Visual Studio Version 16
VisualStudioVersion = 16.0.29613.14
MinimumVisualStudioVersion = 10.0.40219.1
Project("{9A19103F-16F7-4668-BE54-9A1E7A4F7556}") = "bookstore-producer", "bookstore-producer.csproj", "{ED818ADF-9CF1-445A-B297-E7E8CBB9C2B1}"
EndProject
Project("{FAE04EC0-301F-11D3-BF4B-00C04F79EFBC}") = "bookstore-consumer", "..\bookstore-consumer\bookstore-consumer.csproj", "{4BC70994-F377-467B-8EED-A60FF8AC7827}"
EndProject
Global
	GlobalSection(SolutionConfigurationPlatforms) = preSolution
		Debug|Any CPU = Debug|Any CPU
		Release|Any CPU = Release|Any CPU
	EndGlobalSection
	GlobalSection(ProjectConfigurationPlatforms) = postSolution
		{ED818ADF-9CF1-445A-B297-E7E8CBB9C2B1}.Debug|Any CPU.ActiveCfg = Debug|Any CPU
		{ED818ADF-9CF1-445A-B297-E7E8CBB9C2B1}.Debug|Any CPU.Build.0 = Debug|Any CPU
		{ED818ADF-9CF1-445A-B297-E7E8CBB9C2B1}.Release|Any CPU.ActiveCfg = Release|Any CPU
		{ED818ADF-9CF1-445A-B297-E7E8CBB9C2B1}.Release|Any CPU.Build.0 = Release|Any CPU
		{4BC70994-F377-467B-8EED-A60FF8AC7827}.Debug|Any CPU.ActiveCfg = Debug|Any CPU
		{4BC70994-F377-467B-8EED-A60FF8AC7827}.Debug|Any CPU.Build.0 = Debug|Any CPU
		{4BC70994-F377-467B-8EED-A60FF8AC7827}.Release|Any CPU.ActiveCfg = Release|Any CPU
		{4BC70994-F377-467B-8EED-A60FF8AC7827}.Release|Any CPU.Build.0 = Release|Any CPU
	EndGlobalSection
	GlobalSection(SolutionProperties) = preSolution
		HideSolutionNode = FALSE
	EndGlobalSection
	GlobalSection(ExtensibilityGlobals) = postSolution
		SolutionGuid = {A8100FA7-B4EA-44C3-A3BF-6AEFCF6FA1D8}
	EndGlobalSection
EndGlobal
